PODS:
  - abseil/algorithm (0.20200225.0):
    - abseil/algorithm/algorithm (= 0.20200225.0)
    - abseil/algorithm/container (= 0.20200225.0)
  - abseil/algorithm/algorithm (0.20200225.0):
    - abseil/base/config
  - abseil/algorithm/container (0.20200225.0):
    - abseil/algorithm/algorithm
    - abseil/base/core_headers
    - abseil/meta/type_traits
  - abseil/base (0.20200225.0):
    - abseil/base/atomic_hook (= 0.20200225.0)
    - abseil/base/base (= 0.20200225.0)
    - abseil/base/base_internal (= 0.20200225.0)
    - abseil/base/bits (= 0.20200225.0)
    - abseil/base/config (= 0.20200225.0)
    - abseil/base/core_headers (= 0.20200225.0)
    - abseil/base/dynamic_annotations (= 0.20200225.0)
    - abseil/base/endian (= 0.20200225.0)
    - abseil/base/errno_saver (= 0.20200225.0)
    - abseil/base/exponential_biased (= 0.20200225.0)
    - abseil/base/log_severity (= 0.20200225.0)
    - abseil/base/malloc_internal (= 0.20200225.0)
    - abseil/base/periodic_sampler (= 0.20200225.0)
    - abseil/base/pretty_function (= 0.20200225.0)
    - abseil/base/raw_logging_internal (= 0.20200225.0)
    - abseil/base/spinlock_wait (= 0.20200225.0)
    - abseil/base/throw_delegate (= 0.20200225.0)
  - abseil/base/atomic_hook (0.20200225.0):
    - abseil/base/config
    - abseil/base/core_headers
  - abseil/base/base (0.20200225.0):
    - abseil/base/atomic_hook
    - abseil/base/base_internal
    - abseil/base/config
    - abseil/base/core_headers
    - abseil/base/dynamic_annotations
    - abseil/base/log_severity
    - abseil/base/raw_logging_internal
    - abseil/base/spinlock_wait
    - abseil/meta/type_traits
  - abseil/base/base_internal (0.20200225.0):
    - abseil/base/config
    - abseil/meta/type_traits
  - abseil/base/bits (0.20200225.0):
    - abseil/base/config
    - abseil/base/core_headers
  - abseil/base/config (0.20200225.0)
  - abseil/base/core_headers (0.20200225.0):
    - abseil/base/config
  - abseil/base/dynamic_annotations (0.20200225.0)
  - abseil/base/endian (0.20200225.0):
    - abseil/base/config
    - abseil/base/core_headers
  - abseil/base/errno_saver (0.20200225.0):
    - abseil/base/config
  - abseil/base/exponential_biased (0.20200225.0):
    - abseil/base/config
    - abseil/base/core_headers
  - abseil/base/log_severity (0.20200225.0):
    - abseil/base/config
    - abseil/base/core_headers
  - abseil/base/malloc_internal (0.20200225.0):
    - abseil/base/base
    - abseil/base/base_internal
    - abseil/base/config
    - abseil/base/core_headers
    - abseil/base/dynamic_annotations
    - abseil/base/raw_logging_internal
  - abseil/base/periodic_sampler (0.20200225.0):
    - abseil/base/core_headers
    - abseil/base/exponential_biased
  - abseil/base/pretty_function (0.20200225.0)
  - abseil/base/raw_logging_internal (0.20200225.0):
    - abseil/base/atomic_hook
    - abseil/base/config
    - abseil/base/core_headers
    - abseil/base/log_severity
  - abseil/base/spinlock_wait (0.20200225.0):
    - abseil/base/base_internal
    - abseil/base/core_headers
    - abseil/base/errno_saver
  - abseil/base/throw_delegate (0.20200225.0):
    - abseil/base/config
    - abseil/base/raw_logging_internal
  - abseil/container/common (0.20200225.0):
    - abseil/meta/type_traits
    - abseil/types/optional
  - abseil/container/compressed_tuple (0.20200225.0):
    - abseil/utility/utility
  - abseil/container/container_memory (0.20200225.0):
    - abseil/memory/memory
    - abseil/utility/utility
  - abseil/container/fixed_array (0.20200225.0):
    - abseil/algorithm/algorithm
    - abseil/base/core_headers
    - abseil/base/dynamic_annotations
    - abseil/base/throw_delegate
    - abseil/container/compressed_tuple
    - abseil/memory/memory
  - abseil/container/flat_hash_map (0.20200225.0):
    - abseil/algorithm/container
    - abseil/container/container_memory
    - abseil/container/hash_function_defaults
    - abseil/container/raw_hash_map
    - abseil/memory/memory
  - abseil/container/hash_function_defaults (0.20200225.0):
    - abseil/base/config
    - abseil/hash/hash
    - abseil/strings/strings
  - abseil/container/hash_policy_traits (0.20200225.0):
    - abseil/meta/type_traits
  - abseil/container/hashtable_debug_hooks (0.20200225.0):
    - abseil/base/config
  - abseil/container/hashtablez_sampler (0.20200225.0):
    - abseil/base/base
    - abseil/base/core_headers
    - abseil/base/exponential_biased
    - abseil/container/have_sse
    - abseil/debugging/stacktrace
    - abseil/memory/memory
    - abseil/synchronization/synchronization
    - abseil/utility/utility
  - abseil/container/have_sse (0.20200225.0)
  - abseil/container/inlined_vector (0.20200225.0):
    - abseil/algorithm/algorithm
    - abseil/base/core_headers
    - abseil/base/throw_delegate
    - abseil/container/inlined_vector_internal
    - abseil/memory/memory
  - abseil/container/inlined_vector_internal (0.20200225.0):
    - abseil/base/core_headers
    - abseil/container/compressed_tuple
    - abseil/memory/memory
    - abseil/meta/type_traits
    - abseil/types/span
  - abseil/container/layout (0.20200225.0):
    - abseil/base/core_headers
    - abseil/meta/type_traits
    - abseil/strings/strings
    - abseil/types/span
    - abseil/utility/utility
  - abseil/container/raw_hash_map (0.20200225.0):
    - abseil/base/throw_delegate
    - abseil/container/container_memory
    - abseil/container/raw_hash_set
  - abseil/container/raw_hash_set (0.20200225.0):
    - abseil/base/bits
    - abseil/base/config
    - abseil/base/core_headers
    - abseil/base/endian
    - abseil/container/common
    - abseil/container/compressed_tuple
    - abseil/container/container_memory
    - abseil/container/hash_policy_traits
    - abseil/container/hashtable_debug_hooks
    - abseil/container/hashtablez_sampler
    - abseil/container/have_sse
    - abseil/container/layout
    - abseil/memory/memory
    - abseil/meta/type_traits
    - abseil/utility/utility
  - abseil/debugging/debugging_internal (0.20200225.0):
    - abseil/base/config
    - abseil/base/core_headers
    - abseil/base/dynamic_annotations
    - abseil/base/errno_saver
    - abseil/base/raw_logging_internal
  - abseil/debugging/demangle_internal (0.20200225.0):
    - abseil/base/base
    - abseil/base/config
    - abseil/base/core_headers
  - abseil/debugging/stacktrace (0.20200225.0):
    - abseil/base/config
    - abseil/base/core_headers
    - abseil/debugging/debugging_internal
  - abseil/debugging/symbolize (0.20200225.0):
    - abseil/base/base
    - abseil/base/config
    - abseil/base/core_headers
    - abseil/base/dynamic_annotations
    - abseil/base/malloc_internal
    - abseil/base/raw_logging_internal
    - abseil/debugging/debugging_internal
    - abseil/debugging/demangle_internal
  - abseil/hash/city (0.20200225.0):
    - abseil/base/config
    - abseil/base/core_headers
    - abseil/base/endian
  - abseil/hash/hash (0.20200225.0):
    - abseil/base/core_headers
    - abseil/base/endian
    - abseil/container/fixed_array
    - abseil/hash/city
    - abseil/meta/type_traits
    - abseil/numeric/int128
    - abseil/strings/strings
    - abseil/types/optional
    - abseil/types/variant
    - abseil/utility/utility
  - abseil/memory (0.20200225.0):
    - abseil/memory/memory (= 0.20200225.0)
  - abseil/memory/memory (0.20200225.0):
    - abseil/base/core_headers
    - abseil/meta/type_traits
  - abseil/meta (0.20200225.0):
    - abseil/meta/type_traits (= 0.20200225.0)
  - abseil/meta/type_traits (0.20200225.0):
    - abseil/base/config
  - abseil/numeric/int128 (0.20200225.0):
    - abseil/base/config
    - abseil/base/core_headers
  - abseil/strings/internal (0.20200225.0):
    - abseil/base/config
    - abseil/base/core_headers
    - abseil/base/endian
    - abseil/base/raw_logging_internal
    - abseil/meta/type_traits
  - abseil/strings/str_format (0.20200225.0):
    - abseil/strings/str_format_internal
  - abseil/strings/str_format_internal (0.20200225.0):
    - abseil/base/config
    - abseil/base/core_headers
    - abseil/meta/type_traits
    - abseil/numeric/int128
    - abseil/strings/strings
    - abseil/types/span
  - abseil/strings/strings (0.20200225.0):
    - abseil/base/base
    - abseil/base/bits
    - abseil/base/config
    - abseil/base/core_headers
    - abseil/base/endian
    - abseil/base/raw_logging_internal
    - abseil/base/throw_delegate
    - abseil/memory/memory
    - abseil/meta/type_traits
    - abseil/numeric/int128
    - abseil/strings/internal
  - abseil/synchronization/graphcycles_internal (0.20200225.0):
    - abseil/base/base
    - abseil/base/base_internal
    - abseil/base/config
    - abseil/base/core_headers
    - abseil/base/malloc_internal
    - abseil/base/raw_logging_internal
  - abseil/synchronization/kernel_timeout_internal (0.20200225.0):
    - abseil/base/core_headers
    - abseil/base/raw_logging_internal
    - abseil/time/time
  - abseil/synchronization/synchronization (0.20200225.0):
    - abseil/base/atomic_hook
    - abseil/base/base
    - abseil/base/base_internal
    - abseil/base/config
    - abseil/base/core_headers
    - abseil/base/dynamic_annotations
    - abseil/base/malloc_internal
    - abseil/base/raw_logging_internal
    - abseil/debugging/stacktrace
    - abseil/debugging/symbolize
    - abseil/synchronization/graphcycles_internal
    - abseil/synchronization/kernel_timeout_internal
    - abseil/time/time
  - abseil/time (0.20200225.0):
    - abseil/time/internal (= 0.20200225.0)
    - abseil/time/time (= 0.20200225.0)
  - abseil/time/internal (0.20200225.0):
    - abseil/time/internal/cctz (= 0.20200225.0)
  - abseil/time/internal/cctz (0.20200225.0):
    - abseil/time/internal/cctz/civil_time (= 0.20200225.0)
    - abseil/time/internal/cctz/time_zone (= 0.20200225.0)
  - abseil/time/internal/cctz/civil_time (0.20200225.0):
    - abseil/base/config
  - abseil/time/internal/cctz/time_zone (0.20200225.0):
    - abseil/base/config
    - abseil/time/internal/cctz/civil_time
  - abseil/time/time (0.20200225.0):
    - abseil/base/base
    - abseil/base/core_headers
    - abseil/base/raw_logging_internal
    - abseil/numeric/int128
    - abseil/strings/strings
    - abseil/time/internal/cctz/civil_time
    - abseil/time/internal/cctz/time_zone
  - abseil/types (0.20200225.0):
    - abseil/types/any (= 0.20200225.0)
    - abseil/types/bad_any_cast (= 0.20200225.0)
    - abseil/types/bad_any_cast_impl (= 0.20200225.0)
    - abseil/types/bad_optional_access (= 0.20200225.0)
    - abseil/types/bad_variant_access (= 0.20200225.0)
    - abseil/types/compare (= 0.20200225.0)
    - abseil/types/optional (= 0.20200225.0)
    - abseil/types/span (= 0.20200225.0)
    - abseil/types/variant (= 0.20200225.0)
  - abseil/types/any (0.20200225.0):
    - abseil/base/config
    - abseil/base/core_headers
    - abseil/meta/type_traits
    - abseil/types/bad_any_cast
    - abseil/utility/utility
  - abseil/types/bad_any_cast (0.20200225.0):
    - abseil/base/config
    - abseil/types/bad_any_cast_impl
  - abseil/types/bad_any_cast_impl (0.20200225.0):
    - abseil/base/config
    - abseil/base/raw_logging_internal
  - abseil/types/bad_optional_access (0.20200225.0):
    - abseil/base/config
    - abseil/base/raw_logging_internal
  - abseil/types/bad_variant_access (0.20200225.0):
    - abseil/base/config
    - abseil/base/raw_logging_internal
  - abseil/types/compare (0.20200225.0):
    - abseil/base/core_headers
    - abseil/meta/type_traits
  - abseil/types/optional (0.20200225.0):
    - abseil/base/base_internal
    - abseil/base/config
    - abseil/base/core_headers
    - abseil/memory/memory
    - abseil/meta/type_traits
    - abseil/types/bad_optional_access
    - abseil/utility/utility
  - abseil/types/span (0.20200225.0):
    - abseil/algorithm/algorithm
    - abseil/base/core_headers
    - abseil/base/throw_delegate
    - abseil/meta/type_traits
  - abseil/types/variant (0.20200225.0):
    - abseil/base/base_internal
    - abseil/base/config
    - abseil/base/core_headers
    - abseil/meta/type_traits
    - abseil/types/bad_variant_access
    - abseil/utility/utility
  - abseil/utility/utility (0.20200225.0):
    - abseil/base/base_internal
    - abseil/base/config
    - abseil/meta/type_traits
  - AppAuth (1.4.0):
    - AppAuth/Core (= 1.4.0)
    - AppAuth/ExternalUserAgent (= 1.4.0)
  - AppAuth/Core (1.4.0)
  - AppAuth/ExternalUserAgent (1.4.0)
  - BestLogger (0.0.3)
  - BigInt (4.0.0)
  - BoringSSL-GRPC (0.0.7):
    - BoringSSL-GRPC/Implementation (= 0.0.7)
    - BoringSSL-GRPC/Interface (= 0.0.7)
  - BoringSSL-GRPC/Implementation (0.0.7):
    - BoringSSL-GRPC/Interface (= 0.0.7)
  - BoringSSL-GRPC/Interface (0.0.7)
  - cloud_firestore (3.1.0):
    - Firebase/Firestore (= 8.9.0)
    - firebase_core
    - Flutter
  - cloud_functions (3.1.1):
    - Firebase/Functions (= 8.9.0)
    - firebase_core
    - Flutter
  - connectivity_plus (0.0.1):
    - Flutter
    - Reachability
  - CryptoSwift (1.0.0)
  - DVAssetLoaderDelegate (0.3.3)
  - FBAEMKit (12.0.2):
    - FBSDKCoreKit_Basics (= 12.0.2)
  - FBSDKCoreKit (12.0.2):
    - FBAEMKit (= 12.0.2)
    - FBSDKCoreKit_Basics (= 12.0.2)
  - FBSDKCoreKit_Basics (12.0.2)
  - FBSDKLoginKit (12.0.2):
    - FBSDKCoreKit (= 12.0.2)
  - Firebase/Auth (8.9.0):
    - Firebase/CoreOnly
    - FirebaseAuth (~> 8.9.0)
  - Firebase/CoreOnly (8.9.0):
    - FirebaseCore (= 8.9.0)
  - Firebase/Firestore (8.9.0):
    - Firebase/CoreOnly
    - FirebaseFirestore (~> 8.9.0)
  - Firebase/Functions (8.9.0):
    - Firebase/CoreOnly
    - FirebaseFunctions (~> 8.9.0)
  - Firebase/Storage (8.9.0):
    - Firebase/CoreOnly
    - FirebaseStorage (~> 8.9.0)
  - firebase_auth (3.2.0):
    - Firebase/Auth (= 8.9.0)
    - firebase_core
    - Flutter
  - firebase_auth_oauth (0.0.1):
    - firebase_auth
    - Flutter
  - firebase_core (1.10.0):
    - Firebase/CoreOnly (= 8.9.0)
    - Flutter
  - firebase_storage (10.1.0):
    - Firebase/Storage (= 8.9.0)
    - firebase_core
    - Flutter
  - FirebaseAuth (8.9.0):
    - FirebaseCore (~> 8.0)
    - GoogleUtilities/AppDelegateSwizzler (~> 7.6)
    - GoogleUtilities/Environment (~> 7.6)
    - GTMSessionFetcher/Core (~> 1.5)
  - FirebaseCore (8.9.0):
    - FirebaseCoreDiagnostics (~> 8.0)
    - GoogleUtilities/Environment (~> 7.6)
    - GoogleUtilities/Logger (~> 7.6)
  - FirebaseCoreDiagnostics (8.9.0):
    - GoogleDataTransport (~> 9.1)
    - GoogleUtilities/Environment (~> 7.6)
    - GoogleUtilities/Logger (~> 7.6)
    - nanopb (~> 2.30908.0)
  - FirebaseFirestore (8.9.1):
    - abseil/algorithm (= 0.20200225.0)
    - abseil/base (= 0.20200225.0)
    - abseil/container/flat_hash_map (= 0.20200225.0)
    - abseil/memory (= 0.20200225.0)
    - abseil/meta (= 0.20200225.0)
    - abseil/strings/strings (= 0.20200225.0)
    - abseil/time (= 0.20200225.0)
    - abseil/types (= 0.20200225.0)
    - FirebaseCore (~> 8.0)
    - "gRPC-C++ (~> 1.28.0)"
    - leveldb-library (~> 1.22)
    - nanopb (~> 2.30908.0)
  - FirebaseFunctions (8.9.0):
    - FirebaseCore (~> 8.0)
    - GTMSessionFetcher/Core (~> 1.5)
  - FirebaseStorage (8.9.0):
    - FirebaseCore (~> 8.0)
    - GTMSessionFetcher/Core (~> 1.5)
  - Flutter (1.0.0)
  - flutter_facebook_auth (3.5.3):
    - FBSDKCoreKit (~> 12.0.2)
    - FBSDKLoginKit (~> 12.0.2)
    - Flutter
  - flutter_keyboard_visibility (0.0.1):
    - Flutter
  - flutter_local_notifications (0.0.1):
    - Flutter
  - flutter_secure_storage (3.3.1):
    - Flutter
  - flutter_webrtc (0.2.3):
    - Flutter
    - GotokWebRTC (= 0.0.5)
    - Libyuv (= 1703)
  - fluttertoast (0.0.2):
    - Flutter
    - Toast
  - FMDB (2.7.5):
    - FMDB/standard (= 2.7.5)
  - FMDB/standard (2.7.5)
  - google_sign_in (0.0.1):
    - Flutter
    - GoogleSignIn (~> 5.0)
  - GoogleDataTransport (9.1.2):
    - GoogleUtilities/Environment (~> 7.2)
    - nanopb (~> 2.30908.0)
    - PromisesObjC (< 3.0, >= 1.2)
  - GoogleSignIn (5.0.2):
    - AppAuth (~> 1.2)
    - GTMAppAuth (~> 1.0)
    - GTMSessionFetcher/Core (~> 1.1)
  - GoogleUtilities/AppDelegateSwizzler (7.6.0):
    - GoogleUtilities/Environment
    - GoogleUtilities/Logger
    - GoogleUtilities/Network
  - GoogleUtilities/Environment (7.6.0):
    - PromisesObjC (< 3.0, >= 1.2)
  - GoogleUtilities/Logger (7.6.0):
    - GoogleUtilities/Environment
  - GoogleUtilities/Network (7.6.0):
    - GoogleUtilities/Logger
    - "GoogleUtilities/NSData+zlib"
    - GoogleUtilities/Reachability
  - "GoogleUtilities/NSData+zlib (7.6.0)"
  - GoogleUtilities/Reachability (7.6.0):
    - GoogleUtilities/Logger
  - GotokWebRTC (0.0.5)
  - "gRPC-C++ (1.28.2)":
    - "gRPC-C++/Implementation (= 1.28.2)"
    - "gRPC-C++/Interface (= 1.28.2)"
  - "gRPC-C++/Implementation (1.28.2)":
    - abseil/container/inlined_vector (= 0.20200225.0)
    - abseil/memory/memory (= 0.20200225.0)
    - abseil/strings/str_format (= 0.20200225.0)
    - abseil/strings/strings (= 0.20200225.0)
    - abseil/types/optional (= 0.20200225.0)
    - "gRPC-C++/Interface (= 1.28.2)"
    - gRPC-Core (= 1.28.2)
  - "gRPC-C++/Interface (1.28.2)"
  - gRPC-Core (1.28.2):
    - gRPC-Core/Implementation (= 1.28.2)
    - gRPC-Core/Interface (= 1.28.2)
  - gRPC-Core/Implementation (1.28.2):
    - abseil/container/inlined_vector (= 0.20200225.0)
    - abseil/memory/memory (= 0.20200225.0)
    - abseil/strings/str_format (= 0.20200225.0)
    - abseil/strings/strings (= 0.20200225.0)
    - abseil/types/optional (= 0.20200225.0)
    - BoringSSL-GRPC (= 0.0.7)
    - gRPC-Core/Interface (= 1.28.2)
  - gRPC-Core/Interface (1.28.2)
  - GTMAppAuth (1.2.2):
    - AppAuth/Core (~> 1.4)
    - GTMSessionFetcher/Core (~> 1.5)
  - GTMSessionFetcher/Core (1.7.0)
  - image_picker (0.0.1):
    - Flutter
  - leveldb-library (1.22.1)
  - Libyuv (1703)
  - Microblink (5.11.1)
  - MTBBarcodeScanner (5.0.11)
  - nanopb (2.30908.0):
    - nanopb/decode (= 2.30908.0)
    - nanopb/encode (= 2.30908.0)
  - nanopb/decode (2.30908.0)
  - nanopb/encode (2.30908.0)
  - package_info_plus (0.4.5):
    - Flutter
  - Passbase (2.7.6):
    - Microblink (= 5.11.1)
  - passbase_flutter (2.7.6):
    - Flutter
    - Passbase (= 2.7.6)
  - path_provider_ios (0.0.1):
    - Flutter
  - "permission_handler (5.1.0+2)":
    - Flutter
  - PromiseKit (6.8.5):
    - PromiseKit/CorePromise (= 6.8.5)
    - PromiseKit/Foundation (= 6.8.5)
    - PromiseKit/UIKit (= 6.8.5)
  - PromiseKit/CorePromise (6.8.5)
  - PromiseKit/Foundation (6.8.5):
    - PromiseKit/CorePromise
  - PromiseKit/UIKit (6.8.5):
    - PromiseKit/CorePromise
  - PromisesObjC (2.0.0)
  - qr_code_scanner (0.2.0):
    - Flutter
    - MTBBarcodeScanner
  - Reachability (3.2)
  - secp256k1.c (0.1.2)
  - Sentry (7.1.4):
    - Sentry/Core (= 7.1.4)
  - Sentry/Core (7.1.4)
  - sentry_flutter (0.0.1):
    - Flutter
    - FlutterMacOS
    - Sentry (~> 7.1.3)
  - share_plus (0.0.1):
    - Flutter
  - shared_preferences_ios (0.0.1):
    - Flutter
  - sign_in_with_apple (0.0.1):
    - Flutter
  - SPTPersistentCache (1.1.0)
  - sqflite (0.0.2):
    - Flutter
    - FMDB (>= 2.7.5)
  - Starscream (3.1.1)
  - timezone_name (0.0.1):
    - Flutter
  - Toast (4.0.0)
  - Torus-directSDK (0.3.1):
    - BestLogger (~> 0.0.1)
    - Torus-utils (~> 0.1.0)
  - Torus-fetchNodeDetails (0.0.20):
    - BestLogger (~> 0.0.1)
    - web3swift (~> 2.3.0)
  - Torus-utils (0.1.4):
    - BestLogger (~> 0.0.1)
    - PromiseKit/Foundation (~> 6.0)
    - Torus-fetchNodeDetails (~> 0.0.1)
  - torus_firebase_jwt (0.0.1):
    - Flutter
    - Torus-directSDK (~> 0.3.1)
  - twitter_login (0.0.1):
    - Flutter
  - uni_links (0.0.1):
    - Flutter
  - url_launcher_ios (0.0.1):
    - Flutter
  - video_player (0.0.1):
    - DVAssetLoaderDelegate
    - Flutter
    - SPTPersistentCache
  - video_trimmer (0.0.1):
    - Flutter
  - web3swift (2.3.0):
    - BigInt (~> 4.0)
    - CryptoSwift (~> 1.0.0)
    - PromiseKit (~> 6.8.4)
    - secp256k1.c (~> 0.1)
    - Starscream (~> 3.1.0)
  - webview_flutter_wkwebview (0.0.1):
    - Flutter

DEPENDENCIES:
  - cloud_firestore (from `.symlinks/plugins/cloud_firestore/ios`)
  - cloud_functions (from `.symlinks/plugins/cloud_functions/ios`)
  - connectivity_plus (from `.symlinks/plugins/connectivity_plus/ios`)
  - DVAssetLoaderDelegate (from `https://github.com/peerwaya/DVAssetLoaderDelegate.git`)
  - firebase_auth (from `.symlinks/plugins/firebase_auth/ios`)
  - firebase_auth_oauth (from `.symlinks/plugins/firebase_auth_oauth/ios`)
  - firebase_core (from `.symlinks/plugins/firebase_core/ios`)
  - firebase_storage (from `.symlinks/plugins/firebase_storage/ios`)
  - Flutter (from `Flutter`)
  - flutter_facebook_auth (from `.symlinks/plugins/flutter_facebook_auth/ios`)
  - flutter_keyboard_visibility (from `.symlinks/plugins/flutter_keyboard_visibility/ios`)
  - flutter_local_notifications (from `.symlinks/plugins/flutter_local_notifications/ios`)
  - flutter_secure_storage (from `.symlinks/plugins/flutter_secure_storage/ios`)
  - flutter_webrtc (from `.symlinks/plugins/flutter_webrtc/ios`)
  - fluttertoast (from `.symlinks/plugins/fluttertoast/ios`)
  - google_sign_in (from `.symlinks/plugins/google_sign_in/ios`)
  - GotokWebRTC (from `https://github.com/GotokHQ/GotokWebRTCIOS`)
  - image_picker (from `.symlinks/plugins/image_picker/ios`)
  - package_info_plus (from `.symlinks/plugins/package_info_plus/ios`)
  - passbase_flutter (from `.symlinks/plugins/passbase_flutter/ios`)
  - path_provider_ios (from `.symlinks/plugins/path_provider_ios/ios`)
  - permission_handler (from `.symlinks/plugins/permission_handler/ios`)
  - qr_code_scanner (from `.symlinks/plugins/qr_code_scanner/ios`)
  - sentry_flutter (from `.symlinks/plugins/sentry_flutter/ios`)
  - share_plus (from `.symlinks/plugins/share_plus/ios`)
  - shared_preferences_ios (from `.symlinks/plugins/shared_preferences_ios/ios`)
  - sign_in_with_apple (from `.symlinks/plugins/sign_in_with_apple/ios`)
  - sqflite (from `.symlinks/plugins/sqflite/ios`)
  - timezone_name (from `.symlinks/plugins/timezone_name/ios`)
  - torus_firebase_jwt (from `.symlinks/plugins/torus_firebase_jwt/ios`)
  - twitter_login (from `.symlinks/plugins/twitter_login/ios`)
  - uni_links (from `.symlinks/plugins/uni_links/ios`)
  - url_launcher_ios (from `.symlinks/plugins/url_launcher_ios/ios`)
  - video_player (from `.symlinks/plugins/video_player/ios`)
  - video_trimmer (from `.symlinks/plugins/video_trimmer/ios`)
  - webview_flutter_wkwebview (from `.symlinks/plugins/webview_flutter_wkwebview/ios`)

SPEC REPOS:
  https://github.com/CocoaPods/Specs.git:
    - abseil
    - AppAuth
    - BestLogger
    - BigInt
    - BoringSSL-GRPC
    - CryptoSwift
    - FBAEMKit
    - FBSDKCoreKit
    - FBSDKCoreKit_Basics
    - FBSDKLoginKit
    - Firebase
    - FirebaseAuth
    - FirebaseCore
    - FirebaseCoreDiagnostics
    - FirebaseFirestore
    - FirebaseFunctions
    - FirebaseStorage
    - FMDB
    - GoogleDataTransport
    - GoogleSignIn
    - GoogleUtilities
    - "gRPC-C++"
    - gRPC-Core
    - GTMAppAuth
    - GTMSessionFetcher
    - leveldb-library
    - Libyuv
    - MTBBarcodeScanner
    - nanopb
    - PromiseKit
    - PromisesObjC
    - Reachability
    - secp256k1.c
    - Sentry
    - SPTPersistentCache
    - Starscream
    - Toast
    - Torus-directSDK
    - Torus-fetchNodeDetails
    - Torus-utils
    - web3swift
  https://github.com/passbase/cocoapods-specs.git:
    - Passbase
  https://github.com/passbase/microblink-cocoapods-specs.git:
    - Microblink

EXTERNAL SOURCES:
  cloud_firestore:
    :path: ".symlinks/plugins/cloud_firestore/ios"
  cloud_functions:
    :path: ".symlinks/plugins/cloud_functions/ios"
  connectivity_plus:
    :path: ".symlinks/plugins/connectivity_plus/ios"
  DVAssetLoaderDelegate:
    :git: https://github.com/peerwaya/DVAssetLoaderDelegate.git
  firebase_auth:
    :path: ".symlinks/plugins/firebase_auth/ios"
  firebase_auth_oauth:
    :path: ".symlinks/plugins/firebase_auth_oauth/ios"
  firebase_core:
    :path: ".symlinks/plugins/firebase_core/ios"
  firebase_storage:
    :path: ".symlinks/plugins/firebase_storage/ios"
  Flutter:
    :path: Flutter
  flutter_facebook_auth:
    :path: ".symlinks/plugins/flutter_facebook_auth/ios"
  flutter_keyboard_visibility:
    :path: ".symlinks/plugins/flutter_keyboard_visibility/ios"
  flutter_local_notifications:
    :path: ".symlinks/plugins/flutter_local_notifications/ios"
  flutter_secure_storage:
    :path: ".symlinks/plugins/flutter_secure_storage/ios"
  flutter_webrtc:
    :path: ".symlinks/plugins/flutter_webrtc/ios"
  fluttertoast:
    :path: ".symlinks/plugins/fluttertoast/ios"
  google_sign_in:
    :path: ".symlinks/plugins/google_sign_in/ios"
  GotokWebRTC:
    :git: https://github.com/GotokHQ/GotokWebRTCIOS
  image_picker:
    :path: ".symlinks/plugins/image_picker/ios"
  package_info_plus:
    :path: ".symlinks/plugins/package_info_plus/ios"
  passbase_flutter:
    :path: ".symlinks/plugins/passbase_flutter/ios"
  path_provider_ios:
    :path: ".symlinks/plugins/path_provider_ios/ios"
  permission_handler:
    :path: ".symlinks/plugins/permission_handler/ios"
  qr_code_scanner:
    :path: ".symlinks/plugins/qr_code_scanner/ios"
  sentry_flutter:
    :path: ".symlinks/plugins/sentry_flutter/ios"
  share_plus:
    :path: ".symlinks/plugins/share_plus/ios"
  shared_preferences_ios:
    :path: ".symlinks/plugins/shared_preferences_ios/ios"
  sign_in_with_apple:
    :path: ".symlinks/plugins/sign_in_with_apple/ios"
  sqflite:
    :path: ".symlinks/plugins/sqflite/ios"
  timezone_name:
    :path: ".symlinks/plugins/timezone_name/ios"
  torus_firebase_jwt:
    :path: ".symlinks/plugins/torus_firebase_jwt/ios"
  twitter_login:
    :path: ".symlinks/plugins/twitter_login/ios"
  uni_links:
    :path: ".symlinks/plugins/uni_links/ios"
  url_launcher_ios:
    :path: ".symlinks/plugins/url_launcher_ios/ios"
  video_player:
    :path: ".symlinks/plugins/video_player/ios"
  video_trimmer:
    :path: ".symlinks/plugins/video_trimmer/ios"
  webview_flutter_wkwebview:
    :path: ".symlinks/plugins/webview_flutter_wkwebview/ios"

CHECKOUT OPTIONS:
  DVAssetLoaderDelegate:
    :commit: bad4a4ff447d616c4339cda1c72ae8091d99b284
    :git: https://github.com/peerwaya/DVAssetLoaderDelegate.git
  GotokWebRTC:
    :commit: 03438f9e74704494c010f4a5bc25c55bd709e58c
    :git: https://github.com/GotokHQ/GotokWebRTCIOS

SPEC CHECKSUMS:
  abseil: 6c8eb7892aefa08d929b39f9bb108e5367e3228f
  AppAuth: 31bcec809a638d7bd2f86ea8a52bd45f6e81e7c7
  BestLogger: 70475db073dfab3ec1ba9b58b0bb78126b068eee
  BigInt: 2aad1a9942dc932ec8b84290d2c564a3d76f97ab
  BoringSSL-GRPC: 8edf627ee524575e2f8d19d56f068b448eea3879
  cloud_firestore: 2cff0618e560f435fc05da5c94c2d213eb7ba640
  cloud_functions: 3c531e4a8ca86bcaf4f65c2ce6fe6b2964305a4c
  connectivity_plus: 5f0eb61093bec56935f21a1699dd2758bc895587
  CryptoSwift: d81eeaa59dc5a8d03720fe919a6fd07b51f7439f
  DVAssetLoaderDelegate: 0caec20e4e08b8560b691131539e9180024d4bce
  FBAEMKit: c6b8ddf8371640fcd1a3b844d0f8884c8f334cea
  FBSDKCoreKit: 506c0fd1c09a3075f62be8fa36bdd921c563daa9
  FBSDKCoreKit_Basics: c0701d1634c944d60dd3c6361d66dbd0e707a456
  FBSDKLoginKit: d7c9f6ddff20d7b04c94d1f1f065dc7a441d44a0
  Firebase: 13d8d96499e2635428d5bf0ec675df21f95d9a95
  firebase_auth: 0d56cc4d105ff70d1547a7fcb10ee574ad05adf5
  firebase_auth_oauth: 2b6873838f5712f414740e98679481bbea640bd3
  firebase_core: f770e033e790657b3505f04be4cb24c482912f11
  firebase_storage: a3bbe618ef41930ae31da8f4691d37e4ed84f14d
  FirebaseAuth: 2b78b2a32c07b3ecfa4970bdf1d3632b8304099b
  FirebaseCore: 599ee609343eaf4941bd188f85e3aa077ffe325b
  FirebaseCoreDiagnostics: 5daa63f1c1409d981a2d5007daa100b36eac6a34
  FirebaseFirestore: 15ae9648476436efed698a909e44c4737498f9b4
  FirebaseFunctions: c78ec2f93cd453f25fb5e4c694c830f7a31ab349
  FirebaseStorage: 452c98c31ccb40b819764bf3039426c4388d9939
  Flutter: 50d75fe2f02b26cc09d224853bb45737f8b3214a
  flutter_facebook_auth: 5638a1a8cc23016ec6f72945ba879f4482870c69
  flutter_keyboard_visibility: 0339d06371254c3eb25eeb90ba8d17dca8f9c069
  flutter_local_notifications: 0c0b1ae97e741e1521e4c1629a459d04b9aec743
  flutter_secure_storage: 7953c38a04c3fdbb00571bcd87d8e3b5ceb9daec
  flutter_webrtc: 481820781340c6c67eda0a84345c0fbd54de51d0
  fluttertoast: 6122fa75143e992b1d3470f61000f591a798cc58
  FMDB: 2ce00b547f966261cd18927a3ddb07cb6f3db82a
  google_sign_in: c5cecea71f3be43282263550556e311c4cc03582
  GoogleDataTransport: 629c20a4d363167143f30ea78320d5a7eb8bd940
  GoogleSignIn: 7137d297ddc022a7e0aa4619c86d72c909fa7213
  GoogleUtilities: 684ee790a24f73ebb2d1d966e9711c203f2a4237
  GotokWebRTC: faaa7945d8be1117bf183e3de129a44100b312a1
  "gRPC-C++": 13d8ccef97d5c3c441b7e3c529ef28ebee86fad2
  gRPC-Core: 4afa11bfbedf7cdecd04de535a9e046893404ed5
  GTMAppAuth: ad5c2b70b9a8689e1a04033c9369c4915bfcbe89
  GTMSessionFetcher: 43748f93435c2aa068b1cbe39655aaf600652e91
  image_picker: 9aa50e1d8cdacdbed739e925b7eea16d014367e6
  leveldb-library: 50c7b45cbd7bf543c81a468fe557a16ae3db8729
  Libyuv: 5f79ced0ee66e60a612ca97de1e6ccacd187a437
  Microblink: 807dd5cc6a9c6a1f7913c7e4450a3cde49dbf894
  MTBBarcodeScanner: f453b33c4b7dfe545d8c6484ed744d55671788cb
  nanopb: a0ba3315591a9ae0a16a309ee504766e90db0c96
  package_info_plus: 6c92f08e1f853dc01228d6f553146438dafcd14e
  Passbase: 070812a842aa3272fe1a45f6098bd746891c1660
  passbase_flutter: 978bbed13a9a6931d0292fd31a308a8545d4bdd2
  path_provider_ios: 7d7ce634493af4477d156294792024ec3485acd5
  permission_handler: ccb20a9fad0ee9b1314a52b70b76b473c5f8dab0
  PromiseKit: 9616b0afef31eae56ab9ce044c8ec2b8612a15cd
  PromisesObjC: 68159ce6952d93e17b2dfe273b8c40907db5ba58
  qr_code_scanner: bb67d64904c3b9658ada8c402e8b4d406d5d796e
  Reachability: 33e18b67625424e47b6cde6d202dce689ad7af96
  secp256k1.c: db47b726585d80f027423682eb369729e61b3b20
  Sentry: 1d3eb1a25f8c5333c88dd5603904a6d461cd9fcf
  sentry_flutter: f20d4f199442900fbdab2b8496f1d2091d8b94d9
  share_plus: 056a1e8ac890df3e33cb503afffaf1e9b4fbae68
  shared_preferences_ios: aef470a42dc4675a1cdd50e3158b42e3d1232b32
  sign_in_with_apple: f3bf75217ea4c2c8b91823f225d70230119b8440
  SPTPersistentCache: df36ea46762d7cf026502bbb86a8b79d0080dff4
  sqflite: 6d358c025f5b867b29ed92fc697fd34924e11904
  Starscream: 4bb2f9942274833f7b4d296a55504dcfc7edb7b0
  timezone_name: c0b87a0203fed12e0c2713d983515a09a388870e
  Toast: 91b396c56ee72a5790816f40d3a94dd357abc196
  Torus-directSDK: b5747d1217904e2a06815a806a3fd3ca3b2319bb
  Torus-fetchNodeDetails: 567d0c73c1b318c8811abcef0b2f31cfdcd5a4a4
  Torus-utils: 55c022f52f6a7d7914e23d7e11d1af649ff2a8bb
  torus_firebase_jwt: 4b8b6583bcbf1abbfb94f38b6ba57cf622824d6c
  twitter_login: 2794db69b7640681171b17b3c2c84ad9dfb4a57f
  uni_links: d97da20c7701486ba192624d99bffaaffcfc298a
  url_launcher_ios: 02f1989d4e14e998335b02b67a7590fa34f971af
  video_player: c54554b0d03ff89260160588da95880d17b09475
  video_trimmer: 579653ba7dec4b41012ebb3e18b26017c7e6d7a9
  web3swift: 0f097eafe1d08f478694b882581b85a01afb6633
  webview_flutter_wkwebview: 005fbd90c888a42c5690919a1527ecc6649e1162

PODFILE CHECKSUM: 8a06ddfd4c5797daf63bd537f0cbe067cccc32ae

COCOAPODS: 1.10.1
